
Microsoft Visual Studio Solution File, Format Version 12.00
# Visual Studio Version 17
VisualStudioVersion = 17.10.35027.167
MinimumVisualStudioVersion = 10.0.40219.1
Project("{FAE04EC0-301F-11D3-BF4B-00C04F79EFBC}") = "RaymarEquipmentInventory", "RaymarEquipmentInventory.csproj", "{BEA1EAAA-6270-430E-8A20-26B8739FC310}"
EndProject
Global
	GlobalSection(SolutionConfigurationPlatforms) = preSolution
		Debug|Any CPU = Debug|Any CPU
		Release|Any CPU = Release|Any CPU
	EndGlobalSection
	GlobalSection(ProjectConfigurationPlatforms) = postSolution
		{BEA1EAAA-6270-430E-8A20-26B8739FC310}.Debug|Any CPU.ActiveCfg = Debug|Any CPU
		{BEA1EAAA-6270-430E-8A20-26B8739FC310}.Debug|Any CPU.Build.0 = Debug|Any CPU
		{BEA1EAAA-6270-430E-8A20-26B8739FC310}.Release|Any CPU.ActiveCfg = Release|Any CPU
		{BEA1EAAA-6270-430E-8A20-26B8739FC310}.Release|Any CPU.Build.0 = Release|Any CPU
	EndGlobalSection
	GlobalSection(SolutionProperties) = preSolution
		HideSolutionNode = FALSE
	EndGlobalSection
	GlobalSection(ExtensibilityGlobals) = postSolution
		SolutionGuid = {5B4C9976-0417-4CEB-8F20-C969DAF5F9F2}
	EndGlobalSection
EndGlobal
